
Microsoft Visual Studio Solution File, Format Version 12.00
# Visual Studio Version 16
VisualStudioVersion = 16.0.31424.327
MinimumVisualStudioVersion = 10.0.40219.1
Project("{FAE04EC0-301F-11D3-BF4B-00C04F79EFBC}") = "WeatherForecast", "WeatherForecast\WeatherForecast.csproj", "{DA30E91C-84B8-4CE1-BFD1-DAD4E58990AB}"
EndProject
Global
	GlobalSection(SolutionConfigurationPlatforms) = preSolution
		Debug|Any CPU = Debug|Any CPU
		Release|Any CPU = Release|Any CPU
	EndGlobalSection
	GlobalSection(ProjectConfigurationPlatforms) = postSolution
		{DA30E91C-84B8-4CE1-BFD1-DAD4E58990AB}.Debug|Any CPU.ActiveCfg = Debug|Any CPU
		{DA30E91C-84B8-4CE1-BFD1-DAD4E58990AB}.Debug|Any CPU.Build.0 = Debug|Any CPU
		{DA30E91C-84B8-4CE1-BFD1-DAD4E58990AB}.Release|Any CPU.ActiveCfg = Release|Any CPU
		{DA30E91C-84B8-4CE1-BFD1-DAD4E58990AB}.Release|Any CPU.Build.0 = Release|Any CPU
	EndGlobalSection
	GlobalSection(SolutionProperties) = preSolution
		HideSolutionNode = FALSE
	EndGlobalSection
	GlobalSection(ExtensibilityGlobals) = postSolution
		SolutionGuid = {17DBEB1A-021B-4580-8A31-E52C78D87EEF}
	EndGlobalSection
EndGlobal
